PODS:
  - AUMediaNormalizer (0.1.0):
    - Mantle (~> 2.0.2)
    - NYXImagesKit (~> 2.3)
    - SDAVAssetExportSession (~> 0.0.2)
  - Mantle (2.0.2):
    - Mantle/extobjc (= 2.0.2)
  - Mantle/extobjc (2.0.2)
  - NYXImagesKit (2.3)
  - SDAVAssetExportSession (0.0.2)

DEPENDENCIES:
  - AUMediaNormalizer (from `../`)
  - SDAVAssetExportSession (from `https://github.com/appunite/SDAVAssetExportSession.git`)

EXTERNAL SOURCES:
  AUMediaNormalizer:
    :path: ../
  SDAVAssetExportSession:
    :git: https://github.com/appunite/SDAVAssetExportSession.git

CHECKOUT OPTIONS:
  SDAVAssetExportSession:
    :commit: 088a9f0c390901b64e96b6dad4f4ad0defd58245
    :git: https://github.com/appunite/SDAVAssetExportSession.git

SPEC CHECKSUMS:
  AUMediaNormalizer: 537b6f2e14416dc2e6a7357d3ca1c2644a63395a
  Mantle: 967fd31ea0220890b2e76589198996b534bb3fb1
  NYXImagesKit: 8163e3335a40eaa173ca5bbbf81fafb57d3947eb
  SDAVAssetExportSession: 7cfcc8c78123aed47256297853ececa48f057c92

COCOAPODS: 0.37.2
