PODS:
  - AUMediaNormalizer (0.1.0):
    - Mantle
    - NYXImagesKit
    - SDAVAssetExportSession
  - Mantle (2.0.6):
    - Mantle/extobjc (= 2.0.6)
  - Mantle/extobjc (2.0.6)
  - NYXImagesKit (2.3)
  - SDAVAssetExportSession (0.0.2)

DEPENDENCIES:
  - AUMediaNormalizer (from `../`)
  - SDAVAssetExportSession (from `https://github.com/appunite/SDAVAssetExportSession.git`)

EXTERNAL SOURCES:
  AUMediaNormalizer:
    :path: "../"
  SDAVAssetExportSession:
    :git: https://github.com/appunite/SDAVAssetExportSession.git

CHECKOUT OPTIONS:
  SDAVAssetExportSession:
    :commit: 088a9f0c390901b64e96b6dad4f4ad0defd58245
    :git: https://github.com/appunite/SDAVAssetExportSession.git

SPEC CHECKSUMS:
  AUMediaNormalizer: 20ab9911fe0fa07d0d9fbf90a300e434215db544
  Mantle: 299966b00759634931699f69cb6a30b9239b944d
  NYXImagesKit: 8163e3335a40eaa173ca5bbbf81fafb57d3947eb
  SDAVAssetExportSession: 4519764ab1866785f45806fd5de30feeebb350ff

COCOAPODS: 0.39.0
